# This file is automatically @generated by Cargo.
# It is not intended for manual editing.
version = 3

[[package]]
name = "handy-leetcode"
version = "0.1.1"
dependencies = [
 "paste",
]

[[package]]
name = "itoa"
version = "1.0.6"
source = "registry+https://github.com/rust-lang/crates.io-index"
checksum = "453ad9f582a441959e5f0d088b02ce04cfe8d51a8eaf077f12ac6d3e94164ca6"

[[package]]
name = "leetcode_prelude"
version = "0.2.3"
source = "registry+https://github.com/rust-lang/crates.io-index"
checksum = "516d88d39fdeaa67c8b093164ab9a620f4320467fa9572261ed57b0bf98a9a23"
dependencies = [
 "leetcode_test",
]

[[package]]
name = "leetcode_test"
version = "0.1.2"
source = "registry+https://github.com/rust-lang/crates.io-index"
checksum = "b4ccc7086d50c142e0ed2d0dfade966f464e0f2f1ace5279647ca322f1327d37"
dependencies = [
 "serde_json",
]

[[package]]
name = "leetcodes"
version = "0.1.0"
dependencies = [
 "handy-leetcode",
 "leetcode_prelude",
]

[[package]]
name = "paste"
version = "1.0.12"
source = "registry+https://github.com/rust-lang/crates.io-index"
checksum = "9f746c4065a8fa3fe23974dd82f15431cc8d40779821001404d10d2e79ca7d79"

[[package]]
name = "ryu"
version = "1.0.13"
source = "registry+https://github.com/rust-lang/crates.io-index"
checksum = "f91339c0467de62360649f8d3e185ca8de4224ff281f66000de5eb2a77a79041"

[[package]]
name = "serde"
version = "1.0.164"
source = "registry+https://github.com/rust-lang/crates.io-index"
checksum = "9e8c8cf938e98f769bc164923b06dce91cea1751522f46f8466461af04c9027d"

[[package]]
name = "serde_json"
version = "1.0.96"
source = "registry+https://github.com/rust-lang/crates.io-index"
checksum = "057d394a50403bcac12672b2b18fb387ab6d289d957dab67dd201875391e52f1"
dependencies = [
 "itoa",
 "ryu",
 "serde",
]
