# This file is automatically @generated by Cargo.
# It is not intended for manual editing.
version = 3

[[package]]
name = "handy-leetcode"
version = "0.1.1"
dependencies = [
 "paste",
]

[[package]]
name = "itoa"
version = "1.0.4"
source = "registry+https://github.com/rust-lang/crates.io-index"
checksum = "4217ad341ebadf8d8e724e264f13e593e0648f5b3e94b3896a5df283be015ecc"

[[package]]
name = "lc-76-minimum-window-substring"
version = "0.1.0"
dependencies = [
 "handy-leetcode",
 "leetcode_prelude",
]

[[package]]
name = "leetcode_prelude"
version = "0.2.3"
source = "registry+https://github.com/rust-lang/crates.io-index"
checksum = "516d88d39fdeaa67c8b093164ab9a620f4320467fa9572261ed57b0bf98a9a23"
dependencies = [
 "leetcode_test",
]

[[package]]
name = "leetcode_test"
version = "0.1.2"
source = "registry+https://github.com/rust-lang/crates.io-index"
checksum = "b4ccc7086d50c142e0ed2d0dfade966f464e0f2f1ace5279647ca322f1327d37"
dependencies = [
 "serde_json",
]

[[package]]
name = "paste"
version = "1.0.9"
source = "registry+https://github.com/rust-lang/crates.io-index"
checksum = "b1de2e551fb905ac83f73f7aedf2f0cb4a0da7e35efa24a202a936269f1f18e1"

[[package]]
name = "ryu"
version = "1.0.11"
source = "registry+https://github.com/rust-lang/crates.io-index"
checksum = "4501abdff3ae82a1c1b477a17252eb69cee9e66eb915c1abaa4f44d873df9f09"

[[package]]
name = "serde"
version = "1.0.147"
source = "registry+https://github.com/rust-lang/crates.io-index"
checksum = "d193d69bae983fc11a79df82342761dfbf28a99fc8d203dca4c3c1b590948965"

[[package]]
name = "serde_json"
version = "1.0.87"
source = "registry+https://github.com/rust-lang/crates.io-index"
checksum = "6ce777b7b150d76b9cf60d28b55f5847135a003f7d7350c6be7a773508ce7d45"
dependencies = [
 "itoa",
 "ryu",
 "serde",
]
