# This file is automatically @generated by Cargo.
# It is not intended for manual editing.
version = 3

[[package]]
name = "handy-leetcode"
version = "0.1.1"
dependencies = [
 "paste",
]

[[package]]
name = "itoa"
version = "1.0.4"
source = "registry+https://github.com/rust-lang/crates.io-index"
checksum = "4217ad341ebadf8d8e724e264f13e593e0648f5b3e94b3896a5df283be015ecc"

[[package]]
name = "lc104-maximum-depth-of-binary-tree"
version = "0.1.0"
dependencies = [
 "handy-leetcode",
 "leetcode_prelude",
]

[[package]]
name = "leetcode_prelude"
version = "0.2.3"
source = "registry+https://github.com/rust-lang/crates.io-index"
checksum = "516d88d39fdeaa67c8b093164ab9a620f4320467fa9572261ed57b0bf98a9a23"
dependencies = [
 "leetcode_test",
]

[[package]]
name = "leetcode_test"
version = "0.1.2"
source = "registry+https://github.com/rust-lang/crates.io-index"
checksum = "b4ccc7086d50c142e0ed2d0dfade966f464e0f2f1ace5279647ca322f1327d37"
dependencies = [
 "serde_json",
]

[[package]]
name = "paste"
version = "1.0.9"
source = "registry+https://github.com/rust-lang/crates.io-index"
checksum = "b1de2e551fb905ac83f73f7aedf2f0cb4a0da7e35efa24a202a936269f1f18e1"

[[package]]
name = "ryu"
version = "1.0.11"
source = "registry+https://github.com/rust-lang/crates.io-index"
checksum = "4501abdff3ae82a1c1b477a17252eb69cee9e66eb915c1abaa4f44d873df9f09"

[[package]]
name = "serde"
version = "1.0.145"
source = "registry+https://github.com/rust-lang/crates.io-index"
checksum = "728eb6351430bccb993660dfffc5a72f91ccc1295abaa8ce19b27ebe4f75568b"

[[package]]
name = "serde_json"
version = "1.0.85"
source = "registry+https://github.com/rust-lang/crates.io-index"
checksum = "e55a28e3aaef9d5ce0506d0a14dbba8054ddc7e499ef522dd8b26859ec9d4a44"
dependencies = [
 "itoa",
 "ryu",
 "serde",
]
